
Microsoft Visual Studio Solution File, Format Version 12.00
# Visual Studio 14
VisualStudioVersion = 14.0.23107.0
MinimumVisualStudioVersion = 10.0.40219.1
Project("{FAE04EC0-301F-11D3-BF4B-00C04F79EFBC}") = "MeloduetBootstrap", "MeloduetBootstrap\MeloduetBootstrap.csproj", "{0464242B-38AB-447C-883A-0F8B0ECC0127}"
EndProject
Global
	GlobalSection(SolutionConfigurationPlatforms) = preSolution
		Debug|Any CPU = Debug|Any CPU
		Release|Any CPU = Release|Any CPU
	EndGlobalSection
	GlobalSection(ProjectConfigurationPlatforms) = postSolution
		{0464242B-38AB-447C-883A-0F8B0ECC0127}.Debug|Any CPU.ActiveCfg = Debug|Any CPU
		{0464242B-38AB-447C-883A-0F8B0ECC0127}.Debug|Any CPU.Build.0 = Debug|Any CPU
		{0464242B-38AB-447C-883A-0F8B0ECC0127}.Release|Any CPU.ActiveCfg = Release|Any CPU
		{0464242B-38AB-447C-883A-0F8B0ECC0127}.Release|Any CPU.Build.0 = Release|Any CPU
	EndGlobalSection
	GlobalSection(SolutionProperties) = preSolution
		HideSolutionNode = FALSE
	EndGlobalSection
EndGlobal
